
Microsoft Visual Studio Solution File, Format Version 12.00
# Visual Studio Version 17
VisualStudioVersion = 17.7.34031.279
MinimumVisualStudioVersion = 10.0.40219.1
Project("{9A19103F-16F7-4668-BE54-9A1E7A4F7556}") = "SRSAppV2.Domain", "SRSAppV2.Domain\SRSAppV2.Domain.csproj", "{EE8D82E6-763D-405B-8078-3D16E060A1A0}"
EndProject
Project("{9A19103F-16F7-4668-BE54-9A1E7A4F7556}") = "SRSAppV2.Infra", "SRSAppV2.Infra\SRSAppV2.Infra.csproj", "{F774425F-FC6E-4AC5-A228-D5BD7D74D8E2}"
EndProject
Project("{FAE04EC0-301F-11D3-BF4B-00C04F79EFBC}") = "SRSAppV2.API", "SRSAppV2.API\SRSAppV2.API.csproj", "{F302A55B-EEAF-4C6C-AF38-53A627D7ADDC}"
EndProject
Global
	GlobalSection(SolutionConfigurationPlatforms) = preSolution
		Debug|Any CPU = Debug|Any CPU
		Release|Any CPU = Release|Any CPU
	EndGlobalSection
	GlobalSection(ProjectConfigurationPlatforms) = postSolution
		{EE8D82E6-763D-405B-8078-3D16E060A1A0}.Debug|Any CPU.ActiveCfg = Debug|Any CPU
		{EE8D82E6-763D-405B-8078-3D16E060A1A0}.Debug|Any CPU.Build.0 = Debug|Any CPU
		{EE8D82E6-763D-405B-8078-3D16E060A1A0}.Release|Any CPU.ActiveCfg = Release|Any CPU
		{EE8D82E6-763D-405B-8078-3D16E060A1A0}.Release|Any CPU.Build.0 = Release|Any CPU
		{F774425F-FC6E-4AC5-A228-D5BD7D74D8E2}.Debug|Any CPU.ActiveCfg = Debug|Any CPU
		{F774425F-FC6E-4AC5-A228-D5BD7D74D8E2}.Debug|Any CPU.Build.0 = Debug|Any CPU
		{F774425F-FC6E-4AC5-A228-D5BD7D74D8E2}.Release|Any CPU.ActiveCfg = Release|Any CPU
		{F774425F-FC6E-4AC5-A228-D5BD7D74D8E2}.Release|Any CPU.Build.0 = Release|Any CPU
		{F302A55B-EEAF-4C6C-AF38-53A627D7ADDC}.Debug|Any CPU.ActiveCfg = Debug|Any CPU
		{F302A55B-EEAF-4C6C-AF38-53A627D7ADDC}.Debug|Any CPU.Build.0 = Debug|Any CPU
		{F302A55B-EEAF-4C6C-AF38-53A627D7ADDC}.Release|Any CPU.ActiveCfg = Release|Any CPU
		{F302A55B-EEAF-4C6C-AF38-53A627D7ADDC}.Release|Any CPU.Build.0 = Release|Any CPU
	EndGlobalSection
	GlobalSection(SolutionProperties) = preSolution
		HideSolutionNode = FALSE
	EndGlobalSection
	GlobalSection(ExtensibilityGlobals) = postSolution
		SolutionGuid = {748AACF8-401E-42C9-A0DE-491E5EF0B58B}
	EndGlobalSection
EndGlobal
